
Microsoft Visual Studio Solution File, Format Version 12.00
# Visual Studio Version 17
VisualStudioVersion = 17.5.002.0
MinimumVisualStudioVersion = 10.0.40219.1
Project("{2150E333-8FDC-42A3-9474-1A3956D46DE8}") = "Solution Items", "Solution Items", "{BF76ED7B-929B-49D7-B536-19F374848AE4}"
	ProjectSection(SolutionItems) = preProject
		Info.txt = Info.txt
		links.txt = links.txt
	EndProjectSection
EndProject
Project("{2150E333-8FDC-42A3-9474-1A3956D46DE8}") = "src", "src", "{FBDEE466-68BA-4994-A576-142D38D65030}"
EndProject
Project("{2150E333-8FDC-42A3-9474-1A3956D46DE8}") = "BuildingBlocks", "BuildingBlocks", "{DB548789-65A6-4DBD-A5B6-9CDC0FEF6E82}"
EndProject
Project("{2150E333-8FDC-42A3-9474-1A3956D46DE8}") = "Services", "Services", "{7D4AD2C6-9E08-41F4-9C92-C0B6C5940D1E}"
EndProject
Project("{2150E333-8FDC-42A3-9474-1A3956D46DE8}") = "Core", "Core", "{4E4E22AB-E673-443B-BC4A-64A3E30DA569}"
EndProject
Project("{2150E333-8FDC-42A3-9474-1A3956D46DE8}") = "Services", "Services", "{7DB968FE-451A-4E93-9754-4ACCB51595EF}"
EndProject
Project("{2150E333-8FDC-42A3-9474-1A3956D46DE8}") = "Infra", "Infra", "{433983FC-3591-4A44-A09C-156B6451BC5A}"
EndProject
Project("{9A19103F-16F7-4668-BE54-9A1E7A4F7556}") = "Fiap.Core", "Fiap.Core\Fiap.Core.csproj", "{EA0E634D-8E56-4F20-B6C1-D576CB94C87C}"
EndProject
Project("{9A19103F-16F7-4668-BE54-9A1E7A4F7556}") = "Fiap.WebAPI.Core", "Fiap.WebAPI.Core\Fiap.WebAPI.Core.csproj", "{52134A87-4A40-4D81-B3AC-032AEC2AF6AA}"
EndProject
Project("{2150E333-8FDC-42A3-9474-1A3956D46DE8}") = "Producers", "Producers", "{DC9412CA-FA82-4B39-B5B7-F00D1E6E48B6}"
EndProject
Project("{9A19103F-16F7-4668-BE54-9A1E7A4F7556}") = "Fiap.MessageBus", "Fiap.MessageBus\Fiap.MessageBus.csproj", "{87A5C473-DC0B-4591-AC45-192B7DD39B55}"
EndProject
Project("{2150E333-8FDC-42A3-9474-1A3956D46DE8}") = "Consumers", "Consumers", "{2E87E231-1909-40A4-8F7D-2B4B31F40E06}"
EndProject
Project("{2150E333-8FDC-42A3-9474-1A3956D46DE8}") = "Test", "Test", "{7B6D9BC4-90CC-49DE-A945-4EF9127A84C7}"
EndProject
Project("{9A19103F-16F7-4668-BE54-9A1E7A4F7556}") = "TechChallengeFIAP.UnitTests", "TechChallengeFIAP.UnitTests\TechChallengeFIAP.UnitTests.csproj", "{F8B956FD-9E7E-4930-9BB2-C1B5C350352A}"
EndProject
Project("{9A19103F-16F7-4668-BE54-9A1E7A4F7556}") = "TechChallenge.Domain", "TechChallenge.Domain\TechChallenge.Domain.csproj", "{4E3CC698-5358-400B-8F88-63F800CFF46B}"
EndProject
Project("{9A19103F-16F7-4668-BE54-9A1E7A4F7556}") = "TechChallenge.Infrastructure", "TechChallenge.Infrastructure\TechChallenge.Infrastructure.csproj", "{4DE9438A-0CCF-45D5-B854-35B260114B85}"
EndProject
Project("{9A19103F-16F7-4668-BE54-9A1E7A4F7556}") = "TechChallenge.Producer", "TechChallenge.Producer\TechChallenge.Producer.csproj", "{30152081-F45E-469D-841A-0BFB2283FF4D}"
EndProject
Project("{9A19103F-16F7-4668-BE54-9A1E7A4F7556}") = "TechChallenge.API", "TechChallenge.API\TechChallenge.API.csproj", "{2F7F5C7A-543C-4C54-ADA3-4EE3C0E9C836}"
EndProject
Global
	GlobalSection(SolutionConfigurationPlatforms) = preSolution
		Debug|Any CPU = Debug|Any CPU
		Release|Any CPU = Release|Any CPU
	EndGlobalSection
	GlobalSection(ProjectConfigurationPlatforms) = postSolution
		{EA0E634D-8E56-4F20-B6C1-D576CB94C87C}.Debug|Any CPU.ActiveCfg = Debug|Any CPU
		{EA0E634D-8E56-4F20-B6C1-D576CB94C87C}.Debug|Any CPU.Build.0 = Debug|Any CPU
		{EA0E634D-8E56-4F20-B6C1-D576CB94C87C}.Release|Any CPU.ActiveCfg = Release|Any CPU
		{EA0E634D-8E56-4F20-B6C1-D576CB94C87C}.Release|Any CPU.Build.0 = Release|Any CPU
		{52134A87-4A40-4D81-B3AC-032AEC2AF6AA}.Debug|Any CPU.ActiveCfg = Debug|Any CPU
		{52134A87-4A40-4D81-B3AC-032AEC2AF6AA}.Debug|Any CPU.Build.0 = Debug|Any CPU
		{52134A87-4A40-4D81-B3AC-032AEC2AF6AA}.Release|Any CPU.ActiveCfg = Release|Any CPU
		{52134A87-4A40-4D81-B3AC-032AEC2AF6AA}.Release|Any CPU.Build.0 = Release|Any CPU
		{87A5C473-DC0B-4591-AC45-192B7DD39B55}.Debug|Any CPU.ActiveCfg = Debug|Any CPU
		{87A5C473-DC0B-4591-AC45-192B7DD39B55}.Debug|Any CPU.Build.0 = Debug|Any CPU
		{87A5C473-DC0B-4591-AC45-192B7DD39B55}.Release|Any CPU.ActiveCfg = Release|Any CPU
		{87A5C473-DC0B-4591-AC45-192B7DD39B55}.Release|Any CPU.Build.0 = Release|Any CPU
		{F8B956FD-9E7E-4930-9BB2-C1B5C350352A}.Debug|Any CPU.ActiveCfg = Debug|Any CPU
		{F8B956FD-9E7E-4930-9BB2-C1B5C350352A}.Debug|Any CPU.Build.0 = Debug|Any CPU
		{F8B956FD-9E7E-4930-9BB2-C1B5C350352A}.Release|Any CPU.ActiveCfg = Release|Any CPU
		{F8B956FD-9E7E-4930-9BB2-C1B5C350352A}.Release|Any CPU.Build.0 = Release|Any CPU
		{4E3CC698-5358-400B-8F88-63F800CFF46B}.Debug|Any CPU.ActiveCfg = Debug|Any CPU
		{4E3CC698-5358-400B-8F88-63F800CFF46B}.Debug|Any CPU.Build.0 = Debug|Any CPU
		{4E3CC698-5358-400B-8F88-63F800CFF46B}.Release|Any CPU.ActiveCfg = Release|Any CPU
		{4E3CC698-5358-400B-8F88-63F800CFF46B}.Release|Any CPU.Build.0 = Release|Any CPU
		{4DE9438A-0CCF-45D5-B854-35B260114B85}.Debug|Any CPU.ActiveCfg = Debug|Any CPU
		{4DE9438A-0CCF-45D5-B854-35B260114B85}.Debug|Any CPU.Build.0 = Debug|Any CPU
		{4DE9438A-0CCF-45D5-B854-35B260114B85}.Release|Any CPU.ActiveCfg = Release|Any CPU
		{4DE9438A-0CCF-45D5-B854-35B260114B85}.Release|Any CPU.Build.0 = Release|Any CPU
		{30152081-F45E-469D-841A-0BFB2283FF4D}.Debug|Any CPU.ActiveCfg = Debug|Any CPU
		{30152081-F45E-469D-841A-0BFB2283FF4D}.Debug|Any CPU.Build.0 = Debug|Any CPU
		{30152081-F45E-469D-841A-0BFB2283FF4D}.Release|Any CPU.ActiveCfg = Release|Any CPU
		{30152081-F45E-469D-841A-0BFB2283FF4D}.Release|Any CPU.Build.0 = Release|Any CPU
		{2F7F5C7A-543C-4C54-ADA3-4EE3C0E9C836}.Debug|Any CPU.ActiveCfg = Debug|Any CPU
		{2F7F5C7A-543C-4C54-ADA3-4EE3C0E9C836}.Debug|Any CPU.Build.0 = Debug|Any CPU
		{2F7F5C7A-543C-4C54-ADA3-4EE3C0E9C836}.Release|Any CPU.ActiveCfg = Release|Any CPU
		{2F7F5C7A-543C-4C54-ADA3-4EE3C0E9C836}.Release|Any CPU.Build.0 = Release|Any CPU
	EndGlobalSection
	GlobalSection(SolutionProperties) = preSolution
		HideSolutionNode = FALSE
	EndGlobalSection
	GlobalSection(NestedProjects) = preSolution
		{DB548789-65A6-4DBD-A5B6-9CDC0FEF6E82} = {FBDEE466-68BA-4994-A576-142D38D65030}
		{7D4AD2C6-9E08-41F4-9C92-C0B6C5940D1E} = {FBDEE466-68BA-4994-A576-142D38D65030}
		{4E4E22AB-E673-443B-BC4A-64A3E30DA569} = {DB548789-65A6-4DBD-A5B6-9CDC0FEF6E82}
		{7DB968FE-451A-4E93-9754-4ACCB51595EF} = {DB548789-65A6-4DBD-A5B6-9CDC0FEF6E82}
		{433983FC-3591-4A44-A09C-156B6451BC5A} = {DB548789-65A6-4DBD-A5B6-9CDC0FEF6E82}
		{EA0E634D-8E56-4F20-B6C1-D576CB94C87C} = {4E4E22AB-E673-443B-BC4A-64A3E30DA569}
		{52134A87-4A40-4D81-B3AC-032AEC2AF6AA} = {7DB968FE-451A-4E93-9754-4ACCB51595EF}
		{DC9412CA-FA82-4B39-B5B7-F00D1E6E48B6} = {7D4AD2C6-9E08-41F4-9C92-C0B6C5940D1E}
		{87A5C473-DC0B-4591-AC45-192B7DD39B55} = {433983FC-3591-4A44-A09C-156B6451BC5A}
		{2E87E231-1909-40A4-8F7D-2B4B31F40E06} = {7D4AD2C6-9E08-41F4-9C92-C0B6C5940D1E}
		{7B6D9BC4-90CC-49DE-A945-4EF9127A84C7} = {FBDEE466-68BA-4994-A576-142D38D65030}
		{F8B956FD-9E7E-4930-9BB2-C1B5C350352A} = {7B6D9BC4-90CC-49DE-A945-4EF9127A84C7}
		{4E3CC698-5358-400B-8F88-63F800CFF46B} = {2E87E231-1909-40A4-8F7D-2B4B31F40E06}
		{4DE9438A-0CCF-45D5-B854-35B260114B85} = {2E87E231-1909-40A4-8F7D-2B4B31F40E06}
		{30152081-F45E-469D-841A-0BFB2283FF4D} = {DC9412CA-FA82-4B39-B5B7-F00D1E6E48B6}
		{2F7F5C7A-543C-4C54-ADA3-4EE3C0E9C836} = {2E87E231-1909-40A4-8F7D-2B4B31F40E06}
	EndGlobalSection
	GlobalSection(ExtensibilityGlobals) = postSolution
		SolutionGuid = {ED538F64-DADC-4075-A337-4331267F2714}
	EndGlobalSection
EndGlobal
